// !$*UTF8*$!
{
	archiveVersion = 1;
	classes = {
	};
	objectVersion = 46;
	objects = {

/* Begin PBXBuildFile section */
		DE2338751CF1C09A00BF908A /* AppDelegate.swift in Sources */ = {isa = PBXBuildFile; fileRef = DE2338741CF1C09A00BF908A /* AppDelegate.swift */; };
		DE2338771CF1C09A00BF908A /* ViewController.swift in Sources */ = {isa = PBXBuildFile; fileRef = DE2338761CF1C09A00BF908A /* ViewController.swift */; };
		DE23387A1CF1C09A00BF908A /* Main.storyboard in Resources */ = {isa = PBXBuildFile; fileRef = DE2338781CF1C09A00BF908A /* Main.storyboard */; };
		DE23387D1CF1C09A00BF908A /* SkyDocPreps.xcdatamodeld in Sources */ = {isa = PBXBuildFile; fileRef = DE23387B1CF1C09A00BF908A /* SkyDocPreps.xcdatamodeld */; };
		DE23387F1CF1C09A00BF908A /* Assets.xcassets in Resources */ = {isa = PBXBuildFile; fileRef = DE23387E1CF1C09A00BF908A /* Assets.xcassets */; };
		DE2338821CF1C09A00BF908A /* LaunchScreen.storyboard in Resources */ = {isa = PBXBuildFile; fileRef = DE2338801CF1C09A00BF908A /* LaunchScreen.storyboard */; };
		DE23388D1CF1C09A00BF908A /* SkyDocPrepsTests.swift in Sources */ = {isa = PBXBuildFile; fileRef = DE23388C1CF1C09A00BF908A /* SkyDocPrepsTests.swift */; };
		DE2338981CF1C09A00BF908A /* SkyDocPrepsUITests.swift in Sources */ = {isa = PBXBuildFile; fileRef = DE2338971CF1C09A00BF908A /* SkyDocPrepsUITests.swift */; };
/* End PBXBuildFile section */

/* Begin PBXContainerItemProxy section */
		DE2338891CF1C09A00BF908A /* PBXContainerItemProxy */ = {
			isa = PBXContainerItemProxy;
			containerPortal = DE2338691CF1C09A00BF908A /* Project object */;
			proxyType = 1;
			remoteGlobalIDString = DE2338701CF1C09A00BF908A;
			remoteInfo = SkyDocPreps;
		};
		DE2338941CF1C09A00BF908A /* PBXContainerItemProxy */ = {
			isa = PBXContainerItemProxy;
			containerPortal = DE2338691CF1C09A00BF908A /* Project object */;
			proxyType = 1;
			remoteGlobalIDString = DE2338701CF1C09A00BF908A;
			remoteInfo = SkyDocPreps;
		};
/* End PBXContainerItemProxy section */

/* Begin PBXFileReference section */
		DE2338711CF1C09A00BF908A /* SkyDocPreps.app */ = {isa = PBXFileReference; explicitFileType = wrapper.application; includeInIndex = 0; path = SkyDocPreps.app; sourceTree = BUILT_PRODUCTS_DIR; };
		DE2338741CF1C09A00BF908A /* AppDelegate.swift */ = {isa = PBXFileReference; lastKnownFileType = sourcecode.swift; path = AppDelegate.swift; sourceTree = "<group>"; };
		DE2338761CF1C09A00BF908A /* ViewController.swift */ = {isa = PBXFileReference; lastKnownFileType = sourcecode.swift; path = ViewController.swift; sourceTree = "<group>"; };
		DE2338791CF1C09A00BF908A /* Base */ = {isa = PBXFileReference; lastKnownFileType = file.storyboard; name = Base; path = Base.lproj/Main.storyboard; sourceTree = "<group>"; };
		DE23387C1CF1C09A00BF908A /* SkyDocPreps.xcdatamodel */ = {isa = PBXFileReference; lastKnownFileType = wrapper.xcdatamodel; path = SkyDocPreps.xcdatamodel; sourceTree = "<group>"; };
		DE23387E1CF1C09A00BF908A /* Assets.xcassets */ = {isa = PBXFileReference; lastKnownFileType = folder.assetcatalog; path = Assets.xcassets; sourceTree = "<group>"; };
		DE2338811CF1C09A00BF908A /* Base */ = {isa = PBXFileReference; lastKnownFileType = file.storyboard; name = Base; path = Base.lproj/LaunchScreen.storyboard; sourceTree = "<group>"; };
		DE2338831CF1C09A00BF908A /* Info.plist */ = {isa = PBXFileReference; lastKnownFileType = text.plist.xml; path = Info.plist; sourceTree = "<group>"; };
		DE2338881CF1C09A00BF908A /* SkyDocPrepsTests.xctest */ = {isa = PBXFileReference; explicitFileType = wrapper.cfbundle; includeInIndex = 0; path = SkyDocPrepsTests.xctest; sourceTree = BUILT_PRODUCTS_DIR; };
		DE23388C1CF1C09A00BF908A /* SkyDocPrepsTests.swift */ = {isa = PBXFileReference; lastKnownFileType = sourcecode.swift; path = SkyDocPrepsTests.swift; sourceTree = "<group>"; };
		DE23388E1CF1C09A00BF908A /* Info.plist */ = {isa = PBXFileReference; lastKnownFileType = text.plist.xml; path = Info.plist; sourceTree = "<group>"; };
		DE2338931CF1C09A00BF908A /* SkyDocPrepsUITests.xctest */ = {isa = PBXFileReference; explicitFileType = wrapper.cfbundle; includeInIndex = 0; path = SkyDocPrepsUITests.xctest; sourceTree = BUILT_PRODUCTS_DIR; };
		DE2338971CF1C09A00BF908A /* SkyDocPrepsUITests.swift */ = {isa = PBXFileReference; lastKnownFileType = sourcecode.swift; path = SkyDocPrepsUITests.swift; sourceTree = "<group>"; };
		DE2338991CF1C09A00BF908A /* Info.plist */ = {isa = PBXFileReference; lastKnownFileType = text.plist.xml; path = Info.plist; sourceTree = "<group>"; };
/* End PBXFileReference section */

/* Begin PBXFrameworksBuildPhase section */
		DE23386E1CF1C09A00BF908A /* Frameworks */ = {
			isa = PBXFrameworksBuildPhase;
			buildActionMask = 2147483647;
			files = (
			);
			runOnlyForDeploymentPostprocessing = 0;
		};
		DE2338851CF1C09A00BF908A /* Frameworks */ = {
			isa = PBXFrameworksBuildPhase;
			buildActionMask = 2147483647;
			files = (
			);
			runOnlyForDeploymentPostprocessing = 0;
		};
		DE2338901CF1C09A00BF908A /* Frameworks */ = {
			isa = PBXFrameworksBuildPhase;
			buildActionMask = 2147483647;
			files = (
			);
			runOnlyForDeploymentPostprocessing = 0;
		};
/* End PBXFrameworksBuildPhase section */

/* Begin PBXGroup section */
		DE2338681CF1C09A00BF908A = {
			isa = PBXGroup;
			children = (
				DE2338731CF1C09A00BF908A /* SkyDocPreps */,
				DE23388B1CF1C09A00BF908A /* SkyDocPrepsTests */,
				DE2338961CF1C09A00BF908A /* SkyDocPrepsUITests */,
				DE2338721CF1C09A00BF908A /* Products */,
			);
			sourceTree = "<group>";
		};
		DE2338721CF1C09A00BF908A /* Products */ = {
			isa = PBXGroup;
			children = (
				DE2338711CF1C09A00BF908A /* SkyDocPreps.app */,
				DE2338881CF1C09A00BF908A /* SkyDocPrepsTests.xctest */,
				DE2338931CF1C09A00BF908A /* SkyDocPrepsUITests.xctest */,
			);
			name = Products;
			sourceTree = "<group>";
		};
		DE2338731CF1C09A00BF908A /* SkyDocPreps */ = {
			isa = PBXGroup;
			children = (
				DE2338741CF1C09A00BF908A /* AppDelegate.swift */,
				DE2338761CF1C09A00BF908A /* ViewController.swift */,
				DE2338781CF1C09A00BF908A /* Main.storyboard */,
				DE23387E1CF1C09A00BF908A /* Assets.xcassets */,
				DE2338801CF1C09A00BF908A /* LaunchScreen.storyboard */,
				DE2338831CF1C09A00BF908A /* Info.plist */,
				DE23387B1CF1C09A00BF908A /* SkyDocPreps.xcdatamodeld */,
			);
			path = SkyDocPreps;
			sourceTree = "<group>";
		};
		DE23388B1CF1C09A00BF908A /* SkyDocPrepsTests */ = {
			isa = PBXGroup;
			children = (
				DE23388C1CF1C09A00BF908A /* SkyDocPrepsTests.swift */,
				DE23388E1CF1C09A00BF908A /* Info.plist */,
			);
			path = SkyDocPrepsTests;
			sourceTree = "<group>";
		};
		DE2338961CF1C09A00BF908A /* SkyDocPrepsUITests */ = {
			isa = PBXGroup;
			children = (
				DE2338971CF1C09A00BF908A /* SkyDocPrepsUITests.swift */,
				DE2338991CF1C09A00BF908A /* Info.plist */,
			);
			path = SkyDocPrepsUITests;
			sourceTree = "<group>";
		};
/* End PBXGroup section */

/* Begin PBXNativeTarget section */
		DE2338701CF1C09A00BF908A /* SkyDocPreps */ = {
			isa = PBXNativeTarget;
			buildConfigurationList = DE23389C1CF1C09A00BF908A /* Build configuration list for PBXNativeTarget "SkyDocPreps" */;
			buildPhases = (
				DE23386D1CF1C09A00BF908A /* Sources */,
				DE23386E1CF1C09A00BF908A /* Frameworks */,
				DE23386F1CF1C09A00BF908A /* Resources */,
			);
			buildRules = (
			);
			dependencies = (
			);
			name = SkyDocPreps;
			productName = SkyDocPreps;
			productReference = DE2338711CF1C09A00BF908A /* SkyDocPreps.app */;
			productType = "com.apple.product-type.application";
		};
		DE2338871CF1C09A00BF908A /* SkyDocPrepsTests */ = {
			isa = PBXNativeTarget;
			buildConfigurationList = DE23389F1CF1C09A00BF908A /* Build configuration list for PBXNativeTarget "SkyDocPrepsTests" */;
			buildPhases = (
				DE2338841CF1C09A00BF908A /* Sources */,
				DE2338851CF1C09A00BF908A /* Frameworks */,
				DE2338861CF1C09A00BF908A /* Resources */,
			);
			buildRules = (
			);
			dependencies = (
				DE23388A1CF1C09A00BF908A /* PBXTargetDependency */,
			);
			name = SkyDocPrepsTests;
			productName = SkyDocPrepsTests;
			productReference = DE2338881CF1C09A00BF908A /* SkyDocPrepsTests.xctest */;
			productType = "com.apple.product-type.bundle.unit-test";
		};
		DE2338921CF1C09A00BF908A /* SkyDocPrepsUITests */ = {
			isa = PBXNativeTarget;
			buildConfigurationList = DE2338A21CF1C09A00BF908A /* Build configuration list for PBXNativeTarget "SkyDocPrepsUITests" */;
			buildPhases = (
				DE23388F1CF1C09A00BF908A /* Sources */,
				DE2338901CF1C09A00BF908A /* Frameworks */,
				DE2338911CF1C09A00BF908A /* Resources */,
			);
			buildRules = (
			);
			dependencies = (
				DE2338951CF1C09A00BF908A /* PBXTargetDependency */,
			);
			name = SkyDocPrepsUITests;
			productName = SkyDocPrepsUITests;
			productReference = DE2338931CF1C09A00BF908A /* SkyDocPrepsUITests.xctest */;
			productType = "com.apple.product-type.bundle.ui-testing";
		};
/* End PBXNativeTarget section */

/* Begin PBXProject section */
		DE2338691CF1C09A00BF908A /* Project object */ = {
			isa = PBXProject;
			attributes = {
				LastSwiftUpdateCheck = 0730;
				LastUpgradeCheck = 0730;
				ORGANIZATIONNAME = "Versus UE";
				TargetAttributes = {
					DE2338701CF1C09A00BF908A = {
						CreatedOnToolsVersion = 7.3.1;
					};
					DE2338871CF1C09A00BF908A = {
						CreatedOnToolsVersion = 7.3.1;
						TestTargetID = DE2338701CF1C09A00BF908A;
					};
					DE2338921CF1C09A00BF908A = {
						CreatedOnToolsVersion = 7.3.1;
						TestTargetID = DE2338701CF1C09A00BF908A;
					};
				};
			};
			buildConfigurationList = DE23386C1CF1C09A00BF908A /* Build configuration list for PBXProject "SkyDocPreps" */;
			compatibilityVersion = "Xcode 3.2";
			developmentRegion = English;
			hasScannedForEncodings = 0;
			knownRegions = (
				en,
				Base,
			);
			mainGroup = DE2338681CF1C09A00BF908A;
			productRefGroup = DE2338721CF1C09A00BF908A /* Products */;
			projectDirPath = "";
			projectRoot = "";
			targets = (
				DE2338701CF1C09A00BF908A /* SkyDocPreps */,
				DE2338871CF1C09A00BF908A /* SkyDocPrepsTests */,
				DE2338921CF1C09A00BF908A /* SkyDocPrepsUITests */,
			);
		};
/* End PBXProject section */

/* Begin PBXResourcesBuildPhase section */
		DE23386F1CF1C09A00BF908A /* Resources */ = {
			isa = PBXResourcesBuildPhase;
			buildActionMask = 2147483647;
			files = (
				DE2338821CF1C09A00BF908A /* LaunchScreen.storyboard in Resources */,
				DE23387F1CF1C09A00BF908A /* Assets.xcassets in Resources */,
				DE23387A1CF1C09A00BF908A /* Main.storyboard in Resources */,
			);
			runOnlyForDeploymentPostprocessing = 0;
		};
		DE2338861CF1C09A00BF908A /* Resources */ = {
			isa = PBXResourcesBuildPhase;
			buildActionMask = 2147483647;
			files = (
			);
			runOnlyForDeploymentPostprocessing = 0;
		};
		DE2338911CF1C09A00BF908A /* Resources */ = {
			isa = PBXResourcesBuildPhase;
			buildActionMask = 2147483647;
			files = (
			);
			runOnlyForDeploymentPostprocessing = 0;
		};
/* End PBXResourcesBuildPhase section */

/* Begin PBXSourcesBuildPhase section */
		DE23386D1CF1C09A00BF908A /* Sources */ = {
			isa = PBXSourcesBuildPhase;
			buildActionMask = 2147483647;
			files = (
				DE2338771CF1C09A00BF908A /* ViewController.swift in Sources */,
				DE23387D1CF1C09A00BF908A /* SkyDocPreps.xcdatamodeld in Sources */,
				DE2338751CF1C09A00BF908A /* AppDelegate.swift in Sources */,
			);
			runOnlyForDeploymentPostprocessing = 0;
		};
		DE2338841CF1C09A00BF908A /* Sources */ = {
			isa = PBXSourcesBuildPhase;
			buildActionMask = 2147483647;
			files = (
				DE23388D1CF1C09A00BF908A /* SkyDocPrepsTests.swift in Sources */,
			);
			runOnlyForDeploymentPostprocessing = 0;
		};
		DE23388F1CF1C09A00BF908A /* Sources */ = {
			isa = PBXSourcesBuildPhase;
			buildActionMask = 2147483647;
			files = (
				DE2338981CF1C09A00BF908A /* SkyDocPrepsUITests.swift in Sources */,
			);
			runOnlyForDeploymentPostprocessing = 0;
		};
/* End PBXSourcesBuildPhase section */

/* Begin PBXTargetDependency section */
		DE23388A1CF1C09A00BF908A /* PBXTargetDependency */ = {
			isa = PBXTargetDependency;
			target = DE2338701CF1C09A00BF908A /* SkyDocPreps */;
			targetProxy = DE2338891CF1C09A00BF908A /* PBXContainerItemProxy */;
		};
		DE2338951CF1C09A00BF908A /* PBXTargetDependency */ = {
			isa = PBXTargetDependency;
			target = DE2338701CF1C09A00BF908A /* SkyDocPreps */;
			targetProxy = DE2338941CF1C09A00BF908A /* PBXContainerItemProxy */;
		};
/* End PBXTargetDependency section */

/* Begin PBXVariantGroup section */
		DE2338781CF1C09A00BF908A /* Main.storyboard */ = {
			isa = PBXVariantGroup;
			children = (
				DE2338791CF1C09A00BF908A /* Base */,
			);
			name = Main.storyboard;
			sourceTree = "<group>";
		};
		DE2338801CF1C09A00BF908A /* LaunchScreen.storyboard */ = {
			isa = PBXVariantGroup;
			children = (
				DE2338811CF1C09A00BF908A /* Base */,
			);
			name = LaunchScreen.storyboard;
			sourceTree = "<group>";
		};
/* End PBXVariantGroup section */

/* Begin XCBuildConfiguration section */
		DE23389A1CF1C09A00BF908A /* Debug */ = {
			isa = XCBuildConfiguration;
			buildSettings = {
				ALWAYS_SEARCH_USER_PATHS = NO;
				CLANG_ANALYZER_NONNULL = YES;
				CLANG_CXX_LANGUAGE_STANDARD = "gnu++0x";
				CLANG_CXX_LIBRARY = "libc++";
				CLANG_ENABLE_MODULES = YES;
				CLANG_ENABLE_OBJC_ARC = YES;
				CLANG_WARN_BOOL_CONVERSION = YES;
				CLANG_WARN_CONSTANT_CONVERSION = YES;
				CLANG_WARN_DIRECT_OBJC_ISA_USAGE = YES_ERROR;
				CLANG_WARN_EMPTY_BODY = YES;
				CLANG_WARN_ENUM_CONVERSION = YES;
				CLANG_WARN_INT_CONVERSION = YES;
				CLANG_WARN_OBJC_ROOT_CLASS = YES_ERROR;
				CLANG_WARN_UNREACHABLE_CODE = YES;
				CLANG_WARN__DUPLICATE_METHOD_MATCH = YES;
				"CODE_SIGN_IDENTITY[sdk=iphoneos*]" = "iPhone Developer";
				COPY_PHASE_STRIP = NO;
				DEBUG_INFORMATION_FORMAT = dwarf;
				ENABLE_STRICT_OBJC_MSGSEND = YES;
				ENABLE_TESTABILITY = YES;
				GCC_C_LANGUAGE_STANDARD = gnu99;
				GCC_DYNAMIC_NO_PIC = NO;
				GCC_NO_COMMON_BLOCKS = YES;
				GCC_OPTIMIZATION_LEVEL = 0;
				GCC_PREPROCESSOR_DEFINITIONS = (
					"DEBUG=1",
					"$(inherited)",
				);
				GCC_WARN_64_TO_32_BIT_CONVERSION = YES;
				GCC_WARN_ABOUT_RETURN_TYPE = YES_ERROR;
				GCC_WARN_UNDECLARED_SELECTOR = YES;
				GCC_WARN_UNINITIALIZED_AUTOS = YES_AGGRESSIVE;
				GCC_WARN_UNUSED_FUNCTION = YES;
				GCC_WARN_UNUSED_VARIABLE = YES;
				IPHONEOS_DEPLOYMENT_TARGET = 9.3;
				MTL_ENABLE_DEBUG_INFO = YES;
				ONLY_ACTIVE_ARCH = YES;
				SDKROOT = iphoneos;
				SWIFT_OPTIMIZATION_LEVEL = "-Onone";
			};
			name = Debug;
		};
		DE23389B1CF1C09A00BF908A /* Release */ = {
			isa = XCBuildConfiguration;
			buildSettings = {
				ALWAYS_SEARCH_USER_PATHS = NO;
				CLANG_ANALYZER_NONNULL = YES;
				CLANG_CXX_LANGUAGE_STANDARD = "gnu++0x";
				CLANG_CXX_LIBRARY = "libc++";
				CLANG_ENABLE_MODULES = YES;
				CLANG_ENABLE_OBJC_ARC = YES;
				CLANG_WARN_BOOL_CONVERSION = YES;
				CLANG_WARN_CONSTANT_CONVERSION = YES;
				CLANG_WARN_DIRECT_OBJC_ISA_USAGE = YES_ERROR;
				CLANG_WARN_EMPTY_BODY = YES;
				CLANG_WARN_ENUM_CONVERSION = YES;
				CLANG_WARN_INT_CONVERSION = YES;
				CLANG_WARN_OBJC_ROOT_CLASS = YES_ERROR;
				CLANG_WARN_UNREACHABLE_CODE = YES;
				CLANG_WARN__DUPLICATE_METHOD_MATCH = YES;
				"CODE_SIGN_IDENTITY[sdk=iphoneos*]" = "iPhone Developer";
				COPY_PHASE_STRIP = NO;
				DEBUG_INFORMATION_FORMAT = "dwarf-with-dsym";
				ENABLE_NS_ASSERTIONS = NO;
				ENABLE_STRICT_OBJC_MSGSEND = YES;
				GCC_C_LANGUAGE_STANDARD = gnu99;
				GCC_NO_COMMON_BLOCKS = YES;
				GCC_WARN_64_TO_32_BIT_CONVERSION = YES;
				GCC_WARN_ABOUT_RETURN_TYPE = YES_ERROR;
				GCC_WARN_UNDECLARED_SELECTOR = YES;
				GCC_WARN_UNINITIALIZED_AUTOS = YES_AGGRESSIVE;
				GCC_WARN_UNUSED_FUNCTION = YES;
				GCC_WARN_UNUSED_VARIABLE = YES;
				IPHONEOS_DEPLOYMENT_TARGET = 9.3;
				MTL_ENABLE_DEBUG_INFO = NO;
				SDKROOT = iphoneos;
				VALIDATE_PRODUCT = YES;
			};
			name = Release;
		};
		DE23389D1CF1C09A00BF908A /* Debug */ = {
			isa = XCBuildConfiguration;
			buildSettings = {
				ASSETCATALOG_COMPILER_APPICON_NAME = AppIcon;
				INFOPLIST_FILE = SkyDocPreps/Info.plist;
				LD_RUNPATH_SEARCH_PATHS = "$(inherited) @executable_path/Frameworks";
				PRODUCT_BUNDLE_IDENTIFIER = Versus.SkyDocPreps;
				PRODUCT_NAME = "$(TARGET_NAME)";
			};
			name = Debug;
		};
		DE23389E1CF1C09A00BF908A /* Release */ = {
			isa = XCBuildConfiguration;
			buildSettings = {
				ASSETCATALOG_COMPILER_APPICON_NAME = AppIcon;
				INFOPLIST_FILE = SkyDocPreps/Info.plist;
				LD_RUNPATH_SEARCH_PATHS = "$(inherited) @executable_path/Frameworks";
				PRODUCT_BUNDLE_IDENTIFIER = Versus.SkyDocPreps;
				PRODUCT_NAME = "$(TARGET_NAME)";
			};
			name = Release;
		};
		DE2338A01CF1C09A00BF908A /* Debug */ = {
			isa = XCBuildConfiguration;
			buildSettings = {
				BUNDLE_LOADER = "$(TEST_HOST)";
				INFOPLIST_FILE = SkyDocPrepsTests/Info.plist;
				LD_RUNPATH_SEARCH_PATHS = "$(inherited) @executable_path/Frameworks @loader_path/Frameworks";
				PRODUCT_BUNDLE_IDENTIFIER = Versus.SkyDocPrepsTests;
				PRODUCT_NAME = "$(TARGET_NAME)";
				TEST_HOST = "$(BUILT_PRODUCTS_DIR)/SkyDocPreps.app/SkyDocPreps";
			};
			name = Debug;
		};
		DE2338A11CF1C09A00BF908A /* Release */ = {
			isa = XCBuildConfiguration;
			buildSettings = {
				BUNDLE_LOADER = "$(TEST_HOST)";
				INFOPLIST_FILE = SkyDocPrepsTests/Info.plist;
				LD_RUNPATH_SEARCH_PATHS = "$(inherited) @executable_path/Frameworks @loader_path/Frameworks";
				PRODUCT_BUNDLE_IDENTIFIER = Versus.SkyDocPrepsTests;
				PRODUCT_NAME = "$(TARGET_NAME)";
				TEST_HOST = "$(BUILT_PRODUCTS_DIR)/SkyDocPreps.app/SkyDocPreps";
			};
			name = Release;
		};
		DE2338A31CF1C09A00BF908A /* Debug */ = {
			isa = XCBuildConfiguration;
			buildSettings = {
				INFOPLIST_FILE = SkyDocPrepsUITests/Info.plist;
				LD_RUNPATH_SEARCH_PATHS = "$(inherited) @executable_path/Frameworks @loader_path/Frameworks";
				PRODUCT_BUNDLE_IDENTIFIER = Versus.SkyDocPrepsUITests;
				PRODUCT_NAME = "$(TARGET_NAME)";
				TEST_TARGET_NAME = SkyDocPreps;
			};
			name = Debug;
		};
		DE2338A41CF1C09A00BF908A /* Release */ = {
			isa = XCBuildConfiguration;
			buildSettings = {
				INFOPLIST_FILE = SkyDocPrepsUITests/Info.plist;
				LD_RUNPATH_SEARCH_PATHS = "$(inherited) @executable_path/Frameworks @loader_path/Frameworks";
				PRODUCT_BUNDLE_IDENTIFIER = Versus.SkyDocPrepsUITests;
				PRODUCT_NAME = "$(TARGET_NAME)";
				TEST_TARGET_NAME = SkyDocPreps;
			};
			name = Release;
		};
/* End XCBuildConfiguration section */

/* Begin XCConfigurationList section */
		DE23386C1CF1C09A00BF908A /* Build configuration list for PBXProject "SkyDocPreps" */ = {
			isa = XCConfigurationList;
			buildConfigurations = (
				DE23389A1CF1C09A00BF908A /* Debug */,
				DE23389B1CF1C09A00BF908A /* Release */,
			);
			defaultConfigurationIsVisible = 0;
			defaultConfigurationName = Release;
		};
		DE23389C1CF1C09A00BF908A /* Build configuration list for PBXNativeTarget "SkyDocPreps" */ = {
			isa = XCConfigurationList;
			buildConfigurations = (
				DE23389D1CF1C09A00BF908A /* Debug */,
				DE23389E1CF1C09A00BF908A /* Release */,
			);
			defaultConfigurationIsVisible = 0;
		};
		DE23389F1CF1C09A00BF908A /* Build configuration list for PBXNativeTarget "SkyDocPrepsTests" */ = {
			isa = XCConfigurationList;
			buildConfigurations = (
				DE2338A01CF1C09A00BF908A /* Debug */,
				DE2338A11CF1C09A00BF908A /* Release */,
			);
			defaultConfigurationIsVisible = 0;
		};
		DE2338A21CF1C09A00BF908A /* Build configuration list for PBXNativeTarget "SkyDocPrepsUITests" */ = {
			isa = XCConfigurationList;
			buildConfigurations = (
				DE2338A31CF1C09A00BF908A /* Debug */,
				DE2338A41CF1C09A00BF908A /* Release */,
			);
			defaultConfigurationIsVisible = 0;
		};
/* End XCConfigurationList section */

/* Begin XCVersionGroup section */
		DE23387B1CF1C09A00BF908A /* SkyDocPreps.xcdatamodeld */ = {
			isa = XCVersionGroup;
			children = (
				DE23387C1CF1C09A00BF908A /* SkyDocPreps.xcdatamodel */,
			);
			currentVersion = DE23387C1CF1C09A00BF908A /* SkyDocPreps.xcdatamodel */;
			path = SkyDocPreps.xcdatamodeld;
			sourceTree = "<group>";
			versionGroupType = wrapper.xcdatamodel;
		};
/* End XCVersionGroup section */
	};
	rootObject = DE2338691CF1C09A00BF908A /* Project object */;
}
